
Microsoft Visual Studio Solution File, Format Version 12.00
# Visual Studio 15
VisualStudioVersion = 15.0.27004.2005
MinimumVisualStudioVersion = 10.0.40219.1
Project("{FAE04EC0-301F-11D3-BF4B-00C04F79EFBC}") = "CAPI.Dicom", "CAPI.Dicom\CAPI.Dicom.csproj", "{3F6510A2-E0C3-44BB-9976-EE4DD578E6AD}"
EndProject
Project("{FAE04EC0-301F-11D3-BF4B-00C04F79EFBC}") = "CAPI.ImageProcessing", "CAPI.ImageProcessing\CAPI.ImageProcessing.csproj", "{BF71C555-CFC8-43E8-8615-44619ADC91CD}"
EndProject
Project("{FAE04EC0-301F-11D3-BF4B-00C04F79EFBC}") = "CAPI.Common", "CAPI.Common\CAPI.Common.csproj", "{06C9CB99-3266-4DD0-B790-B94FFC3CB154}"
EndProject
Project("{FAE04EC0-301F-11D3-BF4B-00C04F79EFBC}") = "CAPI.Dicom.Abstraction", "CAPI.Dicom.Abstraction\CAPI.Dicom.Abstraction.csproj", "{C11F23F0-DE98-46F9-8203-670ECE388551}"
EndProject
Project("{FAE04EC0-301F-11D3-BF4B-00C04F79EFBC}") = "CAPI.ImageProcessing.Abstraction", "CAPI.ImageProcessing.Abstraction\CAPI.ImageProcessing.Abstraction.csproj", "{0E90E48A-28A0-4762-BFAD-4A3A8753613D}"
EndProject
Project("{FAE04EC0-301F-11D3-BF4B-00C04F79EFBC}") = "ClearCanvas.Common", "..\ExtLib\Common\ClearCanvas.Common.csproj", "{F6EAD428-E6CF-4DF6-B2F3-D33D532C5343}"
EndProject
Project("{FAE04EC0-301F-11D3-BF4B-00C04F79EFBC}") = "ClearCanvas.Dicom", "..\ExtLib\Dicom\ClearCanvas.Dicom.csproj", "{AD9ECE2B-8268-4115-8DC8-860FBD011FFF}"
EndProject
Project("{FAE04EC0-301F-11D3-BF4B-00C04F79EFBC}") = "CAPI.Tests", "CAPI.Tests\CAPI.Tests.csproj", "{115B3EB1-1447-4735-A559-3425D85989C9}"
EndProject
Project("{9A19103F-16F7-4668-BE54-9A1E7A4F7556}") = "CAPI.Console", "CAPI.Console\CAPI.Console.csproj", "{7204F86A-0202-42D2-A5D6-876996F5B44C}"
EndProject
Project("{FAE04EC0-301F-11D3-BF4B-00C04F79EFBC}") = "CAPI.Agent.Abstractions", "CAPI.Agent.Abstractions\CAPI.Agent.Abstractions.csproj", "{8B03DDC7-0CDF-472B-8031-65947A23E58A}"
EndProject
Project("{FAE04EC0-301F-11D3-BF4B-00C04F79EFBC}") = "CAPI.Agent", "CAPI.Agent\CAPI.Agent.csproj", "{1ABF0272-BC85-45A1-85FF-532885D05BC0}"
EndProject
Project("{FAE04EC0-301F-11D3-BF4B-00C04F79EFBC}") = "CAPI.Common.Abstractions", "CAPI.Common.Abstractions\CAPI.Common.Abstractions.csproj", "{33ACFCF5-6147-407C-BA09-993FC6A16CC3}"
EndProject
Project("{9A19103F-16F7-4668-BE54-9A1E7A4F7556}") = "CAPI.Extensions", "CAPI.Extensions\CAPI.Extensions.csproj", "{CF73B4C7-8313-466C-AFA6-9530AEAFF89B}"
EndProject
Global
	GlobalSection(SolutionConfigurationPlatforms) = preSolution
		Debug|Any CPU = Debug|Any CPU
		Release|Any CPU = Release|Any CPU
		UNIT_TESTS_USAGE_TRACKING|Any CPU = UNIT_TESTS_USAGE_TRACKING|Any CPU
	EndGlobalSection
	GlobalSection(ProjectConfigurationPlatforms) = postSolution
		{3F6510A2-E0C3-44BB-9976-EE4DD578E6AD}.Debug|Any CPU.ActiveCfg = Debug|Any CPU
		{3F6510A2-E0C3-44BB-9976-EE4DD578E6AD}.Debug|Any CPU.Build.0 = Debug|Any CPU
		{3F6510A2-E0C3-44BB-9976-EE4DD578E6AD}.Release|Any CPU.ActiveCfg = Release|Any CPU
		{3F6510A2-E0C3-44BB-9976-EE4DD578E6AD}.Release|Any CPU.Build.0 = Release|Any CPU
		{3F6510A2-E0C3-44BB-9976-EE4DD578E6AD}.UNIT_TESTS_USAGE_TRACKING|Any CPU.ActiveCfg = Release|Any CPU
		{3F6510A2-E0C3-44BB-9976-EE4DD578E6AD}.UNIT_TESTS_USAGE_TRACKING|Any CPU.Build.0 = Release|Any CPU
		{BF71C555-CFC8-43E8-8615-44619ADC91CD}.Debug|Any CPU.ActiveCfg = Debug|Any CPU
		{BF71C555-CFC8-43E8-8615-44619ADC91CD}.Debug|Any CPU.Build.0 = Debug|Any CPU
		{BF71C555-CFC8-43E8-8615-44619ADC91CD}.Release|Any CPU.ActiveCfg = Release|Any CPU
		{BF71C555-CFC8-43E8-8615-44619ADC91CD}.Release|Any CPU.Build.0 = Release|Any CPU
		{BF71C555-CFC8-43E8-8615-44619ADC91CD}.UNIT_TESTS_USAGE_TRACKING|Any CPU.ActiveCfg = Release|Any CPU
		{BF71C555-CFC8-43E8-8615-44619ADC91CD}.UNIT_TESTS_USAGE_TRACKING|Any CPU.Build.0 = Release|Any CPU
		{06C9CB99-3266-4DD0-B790-B94FFC3CB154}.Debug|Any CPU.ActiveCfg = Debug|Any CPU
		{06C9CB99-3266-4DD0-B790-B94FFC3CB154}.Debug|Any CPU.Build.0 = Debug|Any CPU
		{06C9CB99-3266-4DD0-B790-B94FFC3CB154}.Release|Any CPU.ActiveCfg = Release|Any CPU
		{06C9CB99-3266-4DD0-B790-B94FFC3CB154}.Release|Any CPU.Build.0 = Release|Any CPU
		{06C9CB99-3266-4DD0-B790-B94FFC3CB154}.UNIT_TESTS_USAGE_TRACKING|Any CPU.ActiveCfg = Release|Any CPU
		{06C9CB99-3266-4DD0-B790-B94FFC3CB154}.UNIT_TESTS_USAGE_TRACKING|Any CPU.Build.0 = Release|Any CPU
		{C11F23F0-DE98-46F9-8203-670ECE388551}.Debug|Any CPU.ActiveCfg = Debug|Any CPU
		{C11F23F0-DE98-46F9-8203-670ECE388551}.Debug|Any CPU.Build.0 = Debug|Any CPU
		{C11F23F0-DE98-46F9-8203-670ECE388551}.Release|Any CPU.ActiveCfg = Release|Any CPU
		{C11F23F0-DE98-46F9-8203-670ECE388551}.Release|Any CPU.Build.0 = Release|Any CPU
		{C11F23F0-DE98-46F9-8203-670ECE388551}.UNIT_TESTS_USAGE_TRACKING|Any CPU.ActiveCfg = Release|Any CPU
		{C11F23F0-DE98-46F9-8203-670ECE388551}.UNIT_TESTS_USAGE_TRACKING|Any CPU.Build.0 = Release|Any CPU
		{0E90E48A-28A0-4762-BFAD-4A3A8753613D}.Debug|Any CPU.ActiveCfg = Debug|Any CPU
		{0E90E48A-28A0-4762-BFAD-4A3A8753613D}.Debug|Any CPU.Build.0 = Debug|Any CPU
		{0E90E48A-28A0-4762-BFAD-4A3A8753613D}.Release|Any CPU.ActiveCfg = Release|Any CPU
		{0E90E48A-28A0-4762-BFAD-4A3A8753613D}.Release|Any CPU.Build.0 = Release|Any CPU
		{0E90E48A-28A0-4762-BFAD-4A3A8753613D}.UNIT_TESTS_USAGE_TRACKING|Any CPU.ActiveCfg = Release|Any CPU
		{0E90E48A-28A0-4762-BFAD-4A3A8753613D}.UNIT_TESTS_USAGE_TRACKING|Any CPU.Build.0 = Release|Any CPU
		{F6EAD428-E6CF-4DF6-B2F3-D33D532C5343}.Debug|Any CPU.ActiveCfg = Debug|Any CPU
		{F6EAD428-E6CF-4DF6-B2F3-D33D532C5343}.Debug|Any CPU.Build.0 = Debug|Any CPU
		{F6EAD428-E6CF-4DF6-B2F3-D33D532C5343}.Release|Any CPU.ActiveCfg = Release|Any CPU
		{F6EAD428-E6CF-4DF6-B2F3-D33D532C5343}.Release|Any CPU.Build.0 = Release|Any CPU
		{F6EAD428-E6CF-4DF6-B2F3-D33D532C5343}.UNIT_TESTS_USAGE_TRACKING|Any CPU.ActiveCfg = UNIT_TESTS_USAGE_TRACKING|Any CPU
		{F6EAD428-E6CF-4DF6-B2F3-D33D532C5343}.UNIT_TESTS_USAGE_TRACKING|Any CPU.Build.0 = UNIT_TESTS_USAGE_TRACKING|Any CPU
		{AD9ECE2B-8268-4115-8DC8-860FBD011FFF}.Debug|Any CPU.ActiveCfg = Debug|Any CPU
		{AD9ECE2B-8268-4115-8DC8-860FBD011FFF}.Debug|Any CPU.Build.0 = Debug|Any CPU
		{AD9ECE2B-8268-4115-8DC8-860FBD011FFF}.Release|Any CPU.ActiveCfg = Release|Any CPU
		{AD9ECE2B-8268-4115-8DC8-860FBD011FFF}.Release|Any CPU.Build.0 = Release|Any CPU
		{AD9ECE2B-8268-4115-8DC8-860FBD011FFF}.UNIT_TESTS_USAGE_TRACKING|Any CPU.ActiveCfg = Release|Any CPU
		{AD9ECE2B-8268-4115-8DC8-860FBD011FFF}.UNIT_TESTS_USAGE_TRACKING|Any CPU.Build.0 = Release|Any CPU
		{115B3EB1-1447-4735-A559-3425D85989C9}.Debug|Any CPU.ActiveCfg = Debug|Any CPU
		{115B3EB1-1447-4735-A559-3425D85989C9}.Debug|Any CPU.Build.0 = Debug|Any CPU
		{115B3EB1-1447-4735-A559-3425D85989C9}.Release|Any CPU.ActiveCfg = Release|Any CPU
		{115B3EB1-1447-4735-A559-3425D85989C9}.Release|Any CPU.Build.0 = Release|Any CPU
		{115B3EB1-1447-4735-A559-3425D85989C9}.UNIT_TESTS_USAGE_TRACKING|Any CPU.ActiveCfg = Release|Any CPU
		{115B3EB1-1447-4735-A559-3425D85989C9}.UNIT_TESTS_USAGE_TRACKING|Any CPU.Build.0 = Release|Any CPU
		{7204F86A-0202-42D2-A5D6-876996F5B44C}.Debug|Any CPU.ActiveCfg = Debug|Any CPU
		{7204F86A-0202-42D2-A5D6-876996F5B44C}.Debug|Any CPU.Build.0 = Debug|Any CPU
		{7204F86A-0202-42D2-A5D6-876996F5B44C}.Release|Any CPU.ActiveCfg = Release|Any CPU
		{7204F86A-0202-42D2-A5D6-876996F5B44C}.Release|Any CPU.Build.0 = Release|Any CPU
		{7204F86A-0202-42D2-A5D6-876996F5B44C}.UNIT_TESTS_USAGE_TRACKING|Any CPU.ActiveCfg = Debug|Any CPU
		{7204F86A-0202-42D2-A5D6-876996F5B44C}.UNIT_TESTS_USAGE_TRACKING|Any CPU.Build.0 = Debug|Any CPU
		{8B03DDC7-0CDF-472B-8031-65947A23E58A}.Debug|Any CPU.ActiveCfg = Debug|Any CPU
		{8B03DDC7-0CDF-472B-8031-65947A23E58A}.Debug|Any CPU.Build.0 = Debug|Any CPU
		{8B03DDC7-0CDF-472B-8031-65947A23E58A}.Release|Any CPU.ActiveCfg = Release|Any CPU
		{8B03DDC7-0CDF-472B-8031-65947A23E58A}.Release|Any CPU.Build.0 = Release|Any CPU
		{8B03DDC7-0CDF-472B-8031-65947A23E58A}.UNIT_TESTS_USAGE_TRACKING|Any CPU.ActiveCfg = Release|Any CPU
		{8B03DDC7-0CDF-472B-8031-65947A23E58A}.UNIT_TESTS_USAGE_TRACKING|Any CPU.Build.0 = Release|Any CPU
		{1ABF0272-BC85-45A1-85FF-532885D05BC0}.Debug|Any CPU.ActiveCfg = Debug|Any CPU
		{1ABF0272-BC85-45A1-85FF-532885D05BC0}.Debug|Any CPU.Build.0 = Debug|Any CPU
		{1ABF0272-BC85-45A1-85FF-532885D05BC0}.Release|Any CPU.ActiveCfg = Release|Any CPU
		{1ABF0272-BC85-45A1-85FF-532885D05BC0}.Release|Any CPU.Build.0 = Release|Any CPU
		{1ABF0272-BC85-45A1-85FF-532885D05BC0}.UNIT_TESTS_USAGE_TRACKING|Any CPU.ActiveCfg = Release|Any CPU
		{1ABF0272-BC85-45A1-85FF-532885D05BC0}.UNIT_TESTS_USAGE_TRACKING|Any CPU.Build.0 = Release|Any CPU
		{33ACFCF5-6147-407C-BA09-993FC6A16CC3}.Debug|Any CPU.ActiveCfg = Debug|Any CPU
		{33ACFCF5-6147-407C-BA09-993FC6A16CC3}.Debug|Any CPU.Build.0 = Debug|Any CPU
		{33ACFCF5-6147-407C-BA09-993FC6A16CC3}.Release|Any CPU.ActiveCfg = Release|Any CPU
		{33ACFCF5-6147-407C-BA09-993FC6A16CC3}.Release|Any CPU.Build.0 = Release|Any CPU
		{33ACFCF5-6147-407C-BA09-993FC6A16CC3}.UNIT_TESTS_USAGE_TRACKING|Any CPU.ActiveCfg = Release|Any CPU
		{33ACFCF5-6147-407C-BA09-993FC6A16CC3}.UNIT_TESTS_USAGE_TRACKING|Any CPU.Build.0 = Release|Any CPU
		{CF73B4C7-8313-466C-AFA6-9530AEAFF89B}.Debug|Any CPU.ActiveCfg = Debug|Any CPU
		{CF73B4C7-8313-466C-AFA6-9530AEAFF89B}.Debug|Any CPU.Build.0 = Debug|Any CPU
		{CF73B4C7-8313-466C-AFA6-9530AEAFF89B}.Release|Any CPU.ActiveCfg = Release|Any CPU
		{CF73B4C7-8313-466C-AFA6-9530AEAFF89B}.Release|Any CPU.Build.0 = Release|Any CPU
		{CF73B4C7-8313-466C-AFA6-9530AEAFF89B}.UNIT_TESTS_USAGE_TRACKING|Any CPU.ActiveCfg = Debug|Any CPU
		{CF73B4C7-8313-466C-AFA6-9530AEAFF89B}.UNIT_TESTS_USAGE_TRACKING|Any CPU.Build.0 = Debug|Any CPU
	EndGlobalSection
	GlobalSection(SolutionProperties) = preSolution
		HideSolutionNode = FALSE
	EndGlobalSection
	GlobalSection(ExtensibilityGlobals) = postSolution
		SolutionGuid = {41DD70A7-87D2-4511-AC28-0ABA1CC6B11D}
	EndGlobalSection
EndGlobal
