
Microsoft Visual Studio Solution File, Format Version 12.00
# Visual Studio Version 16
VisualStudioVersion = 16.0.28803.202
MinimumVisualStudioVersion = 10.0.40219.1
Project("{FAE04EC0-301F-11D3-BF4B-00C04F79EFBC}") = "CAPI.Dicom", "CAPI.Dicom\CAPI.Dicom.csproj", "{3F6510A2-E0C3-44BB-9976-EE4DD578E6AD}"
EndProject
Project("{FAE04EC0-301F-11D3-BF4B-00C04F79EFBC}") = "CAPI.ImageProcessing", "CAPI.ImageProcessing\CAPI.ImageProcessing.csproj", "{BF71C555-CFC8-43E8-8615-44619ADC91CD}"
	ProjectSection(ProjectDependencies) = postProject
		{0A70D1BD-9328-4F9F-9F0C-84E1768B4E72} = {0A70D1BD-9328-4F9F-9F0C-84E1768B4E72}
	EndProjectSection
EndProject
Project("{FAE04EC0-301F-11D3-BF4B-00C04F79EFBC}") = "CAPI.Common", "CAPI.Common\CAPI.Common.csproj", "{06C9CB99-3266-4DD0-B790-B94FFC3CB154}"
EndProject
Project("{FAE04EC0-301F-11D3-BF4B-00C04F79EFBC}") = "CAPI.Dicom.Abstractions", "CAPI.Dicom.Abstraction\CAPI.Dicom.Abstractions.csproj", "{C11F23F0-DE98-46F9-8203-670ECE388551}"
EndProject
Project("{FAE04EC0-301F-11D3-BF4B-00C04F79EFBC}") = "CAPI.ImageProcessing.Abstraction", "CAPI.ImageProcessing.Abstraction\CAPI.ImageProcessing.Abstraction.csproj", "{0E90E48A-28A0-4762-BFAD-4A3A8753613D}"
	ProjectSection(ProjectDependencies) = postProject
		{0A70D1BD-9328-4F9F-9F0C-84E1768B4E72} = {0A70D1BD-9328-4F9F-9F0C-84E1768B4E72}
	EndProjectSection
EndProject
Project("{FAE04EC0-301F-11D3-BF4B-00C04F79EFBC}") = "CAPI.Tests", "CAPI.Tests\CAPI.Tests.csproj", "{115B3EB1-1447-4735-A559-3425D85989C9}"
	ProjectSection(ProjectDependencies) = postProject
		{A5C4BDAD-B4D7-4F97-ACF5-EB240748B5D3} = {A5C4BDAD-B4D7-4F97-ACF5-EB240748B5D3}
		{0A70D1BD-9328-4F9F-9F0C-84E1768B4E72} = {0A70D1BD-9328-4F9F-9F0C-84E1768B4E72}
	EndProjectSection
EndProject
Project("{FAE04EC0-301F-11D3-BF4B-00C04F79EFBC}") = "CAPI.Agent.Abstractions", "CAPI.Agent.Abstractions\CAPI.Agent.Abstractions.csproj", "{8B03DDC7-0CDF-472B-8031-65947A23E58A}"
EndProject
Project("{FAE04EC0-301F-11D3-BF4B-00C04F79EFBC}") = "CAPI.Agent", "CAPI.Agent\CAPI.Agent.csproj", "{1ABF0272-BC85-45A1-85FF-532885D05BC0}"
	ProjectSection(ProjectDependencies) = postProject
		{0A70D1BD-9328-4F9F-9F0C-84E1768B4E72} = {0A70D1BD-9328-4F9F-9F0C-84E1768B4E72}
	EndProjectSection
EndProject
Project("{9A19103F-16F7-4668-BE54-9A1E7A4F7556}") = "CAPI.Extensions", "CAPI.Extensions\CAPI.Extensions.csproj", "{CF73B4C7-8313-466C-AFA6-9530AEAFF89B}"
EndProject
Project("{FAE04EC0-301F-11D3-BF4B-00C04F79EFBC}") = "CAPI.UAT", "CAPI.UAT\CAPI.UAT.csproj", "{5A6D1403-1F31-4ADA-A350-E1969378A0DF}"
EndProject
Project("{FAE04EC0-301F-11D3-BF4B-00C04F79EFBC}") = "CAPI.Cmd", "CAPI.Cmd\CAPI.Cmd.csproj", "{6A9843A0-361E-4E82-AD7C-BE4A26D68E85}"
	ProjectSection(ProjectDependencies) = postProject
		{0A70D1BD-9328-4F9F-9F0C-84E1768B4E72} = {0A70D1BD-9328-4F9F-9F0C-84E1768B4E72}
	EndProjectSection
EndProject
Project("{FAE04EC0-301F-11D3-BF4B-00C04F79EFBC}") = "CAPI.Service", "CAPI.Service\CAPI.Service.csproj", "{134CD45F-8D80-4D2B-862A-0341BAA5A4DB}"
	ProjectSection(ProjectDependencies) = postProject
		{0A70D1BD-9328-4F9F-9F0C-84E1768B4E72} = {0A70D1BD-9328-4F9F-9F0C-84E1768B4E72}
	EndProjectSection
EndProject
Project("{FAE04EC0-301F-11D3-BF4B-00C04F79EFBC}") = "CAPI.NiftiLib", "CAPI.Nifti\CAPI.NiftiLib.csproj", "{0A70D1BD-9328-4F9F-9F0C-84E1768B4E72}"
	ProjectSection(ProjectDependencies) = postProject
		{CF73B4C7-8313-466C-AFA6-9530AEAFF89B} = {CF73B4C7-8313-466C-AFA6-9530AEAFF89B}
	EndProjectSection
EndProject
Project("{2150E333-8FDC-42A3-9474-1A3956D46DE8}") = "Solution Items", "Solution Items", "{A108376B-DF81-465D-B609-0DE8A8C35408}"
EndProject
Project("{FAE04EC0-301F-11D3-BF4B-00C04F79EFBC}") = "DrtiNftiViewer", "NiftiView\DrtiNftiViewer.csproj", "{456B651C-63ED-4A21-874A-8246ABA6C75E}"
	ProjectSection(ProjectDependencies) = postProject
		{0A70D1BD-9328-4F9F-9F0C-84E1768B4E72} = {0A70D1BD-9328-4F9F-9F0C-84E1768B4E72}
	EndProjectSection
EndProject
Project("{FAE04EC0-301F-11D3-BF4B-00C04F79EFBC}") = "CAPI.Config", "CAPI.Config\CAPI.Config.csproj", "{A5C4BDAD-B4D7-4F97-ACF5-EB240748B5D3}"
	ProjectSection(ProjectDependencies) = postProject
		{3F6510A2-E0C3-44BB-9976-EE4DD578E6AD} = {3F6510A2-E0C3-44BB-9976-EE4DD578E6AD}
		{C11F23F0-DE98-46F9-8203-670ECE388551} = {C11F23F0-DE98-46F9-8203-670ECE388551}
	EndProjectSection
EndProject
Global
	GlobalSection(SolutionConfigurationPlatforms) = preSolution
		Debug|Any CPU = Debug|Any CPU
		Debug|x64 = Debug|x64
		Debug|x86 = Debug|x86
		Release|Any CPU = Release|Any CPU
		Release|x64 = Release|x64
		Release|x86 = Release|x86
		UNIT_TESTS_USAGE_TRACKING|Any CPU = UNIT_TESTS_USAGE_TRACKING|Any CPU
		UNIT_TESTS_USAGE_TRACKING|x64 = UNIT_TESTS_USAGE_TRACKING|x64
		UNIT_TESTS_USAGE_TRACKING|x86 = UNIT_TESTS_USAGE_TRACKING|x86
	EndGlobalSection
	GlobalSection(ProjectConfigurationPlatforms) = postSolution
		{3F6510A2-E0C3-44BB-9976-EE4DD578E6AD}.Debug|Any CPU.ActiveCfg = Debug|Any CPU
		{3F6510A2-E0C3-44BB-9976-EE4DD578E6AD}.Debug|Any CPU.Build.0 = Debug|Any CPU
		{3F6510A2-E0C3-44BB-9976-EE4DD578E6AD}.Debug|x64.ActiveCfg = Debug|Any CPU
		{3F6510A2-E0C3-44BB-9976-EE4DD578E6AD}.Debug|x64.Build.0 = Debug|Any CPU
		{3F6510A2-E0C3-44BB-9976-EE4DD578E6AD}.Debug|x86.ActiveCfg = Debug|Any CPU
		{3F6510A2-E0C3-44BB-9976-EE4DD578E6AD}.Debug|x86.Build.0 = Debug|Any CPU
		{3F6510A2-E0C3-44BB-9976-EE4DD578E6AD}.Release|Any CPU.ActiveCfg = Release|Any CPU
		{3F6510A2-E0C3-44BB-9976-EE4DD578E6AD}.Release|Any CPU.Build.0 = Release|Any CPU
		{3F6510A2-E0C3-44BB-9976-EE4DD578E6AD}.Release|x64.ActiveCfg = Release|Any CPU
		{3F6510A2-E0C3-44BB-9976-EE4DD578E6AD}.Release|x64.Build.0 = Release|Any CPU
		{3F6510A2-E0C3-44BB-9976-EE4DD578E6AD}.Release|x86.ActiveCfg = Release|Any CPU
		{3F6510A2-E0C3-44BB-9976-EE4DD578E6AD}.Release|x86.Build.0 = Release|Any CPU
		{3F6510A2-E0C3-44BB-9976-EE4DD578E6AD}.UNIT_TESTS_USAGE_TRACKING|Any CPU.ActiveCfg = Release|Any CPU
		{3F6510A2-E0C3-44BB-9976-EE4DD578E6AD}.UNIT_TESTS_USAGE_TRACKING|Any CPU.Build.0 = Release|Any CPU
		{3F6510A2-E0C3-44BB-9976-EE4DD578E6AD}.UNIT_TESTS_USAGE_TRACKING|x64.ActiveCfg = Release|Any CPU
		{3F6510A2-E0C3-44BB-9976-EE4DD578E6AD}.UNIT_TESTS_USAGE_TRACKING|x64.Build.0 = Release|Any CPU
		{3F6510A2-E0C3-44BB-9976-EE4DD578E6AD}.UNIT_TESTS_USAGE_TRACKING|x86.ActiveCfg = Release|Any CPU
		{3F6510A2-E0C3-44BB-9976-EE4DD578E6AD}.UNIT_TESTS_USAGE_TRACKING|x86.Build.0 = Release|Any CPU
		{BF71C555-CFC8-43E8-8615-44619ADC91CD}.Debug|Any CPU.ActiveCfg = Debug|Any CPU
		{BF71C555-CFC8-43E8-8615-44619ADC91CD}.Debug|Any CPU.Build.0 = Debug|Any CPU
		{BF71C555-CFC8-43E8-8615-44619ADC91CD}.Debug|x64.ActiveCfg = Debug|Any CPU
		{BF71C555-CFC8-43E8-8615-44619ADC91CD}.Debug|x64.Build.0 = Debug|Any CPU
		{BF71C555-CFC8-43E8-8615-44619ADC91CD}.Debug|x86.ActiveCfg = Debug|Any CPU
		{BF71C555-CFC8-43E8-8615-44619ADC91CD}.Debug|x86.Build.0 = Debug|Any CPU
		{BF71C555-CFC8-43E8-8615-44619ADC91CD}.Release|Any CPU.ActiveCfg = Release|Any CPU
		{BF71C555-CFC8-43E8-8615-44619ADC91CD}.Release|Any CPU.Build.0 = Release|Any CPU
		{BF71C555-CFC8-43E8-8615-44619ADC91CD}.Release|x64.ActiveCfg = Release|Any CPU
		{BF71C555-CFC8-43E8-8615-44619ADC91CD}.Release|x64.Build.0 = Release|Any CPU
		{BF71C555-CFC8-43E8-8615-44619ADC91CD}.Release|x86.ActiveCfg = Release|Any CPU
		{BF71C555-CFC8-43E8-8615-44619ADC91CD}.Release|x86.Build.0 = Release|Any CPU
		{BF71C555-CFC8-43E8-8615-44619ADC91CD}.UNIT_TESTS_USAGE_TRACKING|Any CPU.ActiveCfg = Release|Any CPU
		{BF71C555-CFC8-43E8-8615-44619ADC91CD}.UNIT_TESTS_USAGE_TRACKING|Any CPU.Build.0 = Release|Any CPU
		{BF71C555-CFC8-43E8-8615-44619ADC91CD}.UNIT_TESTS_USAGE_TRACKING|x64.ActiveCfg = Release|Any CPU
		{BF71C555-CFC8-43E8-8615-44619ADC91CD}.UNIT_TESTS_USAGE_TRACKING|x64.Build.0 = Release|Any CPU
		{BF71C555-CFC8-43E8-8615-44619ADC91CD}.UNIT_TESTS_USAGE_TRACKING|x86.ActiveCfg = Release|Any CPU
		{BF71C555-CFC8-43E8-8615-44619ADC91CD}.UNIT_TESTS_USAGE_TRACKING|x86.Build.0 = Release|Any CPU
		{06C9CB99-3266-4DD0-B790-B94FFC3CB154}.Debug|Any CPU.ActiveCfg = Debug|Any CPU
		{06C9CB99-3266-4DD0-B790-B94FFC3CB154}.Debug|Any CPU.Build.0 = Debug|Any CPU
		{06C9CB99-3266-4DD0-B790-B94FFC3CB154}.Debug|x64.ActiveCfg = Debug|Any CPU
		{06C9CB99-3266-4DD0-B790-B94FFC3CB154}.Debug|x64.Build.0 = Debug|Any CPU
		{06C9CB99-3266-4DD0-B790-B94FFC3CB154}.Debug|x86.ActiveCfg = Debug|Any CPU
		{06C9CB99-3266-4DD0-B790-B94FFC3CB154}.Debug|x86.Build.0 = Debug|Any CPU
		{06C9CB99-3266-4DD0-B790-B94FFC3CB154}.Release|Any CPU.ActiveCfg = Release|Any CPU
		{06C9CB99-3266-4DD0-B790-B94FFC3CB154}.Release|Any CPU.Build.0 = Release|Any CPU
		{06C9CB99-3266-4DD0-B790-B94FFC3CB154}.Release|x64.ActiveCfg = Release|Any CPU
		{06C9CB99-3266-4DD0-B790-B94FFC3CB154}.Release|x64.Build.0 = Release|Any CPU
		{06C9CB99-3266-4DD0-B790-B94FFC3CB154}.Release|x86.ActiveCfg = Release|Any CPU
		{06C9CB99-3266-4DD0-B790-B94FFC3CB154}.Release|x86.Build.0 = Release|Any CPU
		{06C9CB99-3266-4DD0-B790-B94FFC3CB154}.UNIT_TESTS_USAGE_TRACKING|Any CPU.ActiveCfg = Release|Any CPU
		{06C9CB99-3266-4DD0-B790-B94FFC3CB154}.UNIT_TESTS_USAGE_TRACKING|Any CPU.Build.0 = Release|Any CPU
		{06C9CB99-3266-4DD0-B790-B94FFC3CB154}.UNIT_TESTS_USAGE_TRACKING|x64.ActiveCfg = Release|Any CPU
		{06C9CB99-3266-4DD0-B790-B94FFC3CB154}.UNIT_TESTS_USAGE_TRACKING|x64.Build.0 = Release|Any CPU
		{06C9CB99-3266-4DD0-B790-B94FFC3CB154}.UNIT_TESTS_USAGE_TRACKING|x86.ActiveCfg = Release|Any CPU
		{06C9CB99-3266-4DD0-B790-B94FFC3CB154}.UNIT_TESTS_USAGE_TRACKING|x86.Build.0 = Release|Any CPU
		{C11F23F0-DE98-46F9-8203-670ECE388551}.Debug|Any CPU.ActiveCfg = Debug|Any CPU
		{C11F23F0-DE98-46F9-8203-670ECE388551}.Debug|Any CPU.Build.0 = Debug|Any CPU
		{C11F23F0-DE98-46F9-8203-670ECE388551}.Debug|x64.ActiveCfg = Debug|Any CPU
		{C11F23F0-DE98-46F9-8203-670ECE388551}.Debug|x64.Build.0 = Debug|Any CPU
		{C11F23F0-DE98-46F9-8203-670ECE388551}.Debug|x86.ActiveCfg = Debug|Any CPU
		{C11F23F0-DE98-46F9-8203-670ECE388551}.Debug|x86.Build.0 = Debug|Any CPU
		{C11F23F0-DE98-46F9-8203-670ECE388551}.Release|Any CPU.ActiveCfg = Release|Any CPU
		{C11F23F0-DE98-46F9-8203-670ECE388551}.Release|Any CPU.Build.0 = Release|Any CPU
		{C11F23F0-DE98-46F9-8203-670ECE388551}.Release|x64.ActiveCfg = Release|Any CPU
		{C11F23F0-DE98-46F9-8203-670ECE388551}.Release|x64.Build.0 = Release|Any CPU
		{C11F23F0-DE98-46F9-8203-670ECE388551}.Release|x86.ActiveCfg = Release|Any CPU
		{C11F23F0-DE98-46F9-8203-670ECE388551}.Release|x86.Build.0 = Release|Any CPU
		{C11F23F0-DE98-46F9-8203-670ECE388551}.UNIT_TESTS_USAGE_TRACKING|Any CPU.ActiveCfg = Release|Any CPU
		{C11F23F0-DE98-46F9-8203-670ECE388551}.UNIT_TESTS_USAGE_TRACKING|Any CPU.Build.0 = Release|Any CPU
		{C11F23F0-DE98-46F9-8203-670ECE388551}.UNIT_TESTS_USAGE_TRACKING|x64.ActiveCfg = Release|Any CPU
		{C11F23F0-DE98-46F9-8203-670ECE388551}.UNIT_TESTS_USAGE_TRACKING|x64.Build.0 = Release|Any CPU
		{C11F23F0-DE98-46F9-8203-670ECE388551}.UNIT_TESTS_USAGE_TRACKING|x86.ActiveCfg = Release|Any CPU
		{C11F23F0-DE98-46F9-8203-670ECE388551}.UNIT_TESTS_USAGE_TRACKING|x86.Build.0 = Release|Any CPU
		{0E90E48A-28A0-4762-BFAD-4A3A8753613D}.Debug|Any CPU.ActiveCfg = Debug|Any CPU
		{0E90E48A-28A0-4762-BFAD-4A3A8753613D}.Debug|Any CPU.Build.0 = Debug|Any CPU
		{0E90E48A-28A0-4762-BFAD-4A3A8753613D}.Debug|x64.ActiveCfg = Debug|Any CPU
		{0E90E48A-28A0-4762-BFAD-4A3A8753613D}.Debug|x64.Build.0 = Debug|Any CPU
		{0E90E48A-28A0-4762-BFAD-4A3A8753613D}.Debug|x86.ActiveCfg = Debug|Any CPU
		{0E90E48A-28A0-4762-BFAD-4A3A8753613D}.Debug|x86.Build.0 = Debug|Any CPU
		{0E90E48A-28A0-4762-BFAD-4A3A8753613D}.Release|Any CPU.ActiveCfg = Release|Any CPU
		{0E90E48A-28A0-4762-BFAD-4A3A8753613D}.Release|Any CPU.Build.0 = Release|Any CPU
		{0E90E48A-28A0-4762-BFAD-4A3A8753613D}.Release|x64.ActiveCfg = Release|Any CPU
		{0E90E48A-28A0-4762-BFAD-4A3A8753613D}.Release|x64.Build.0 = Release|Any CPU
		{0E90E48A-28A0-4762-BFAD-4A3A8753613D}.Release|x86.ActiveCfg = Release|Any CPU
		{0E90E48A-28A0-4762-BFAD-4A3A8753613D}.Release|x86.Build.0 = Release|Any CPU
		{0E90E48A-28A0-4762-BFAD-4A3A8753613D}.UNIT_TESTS_USAGE_TRACKING|Any CPU.ActiveCfg = Release|Any CPU
		{0E90E48A-28A0-4762-BFAD-4A3A8753613D}.UNIT_TESTS_USAGE_TRACKING|Any CPU.Build.0 = Release|Any CPU
		{0E90E48A-28A0-4762-BFAD-4A3A8753613D}.UNIT_TESTS_USAGE_TRACKING|x64.ActiveCfg = Release|Any CPU
		{0E90E48A-28A0-4762-BFAD-4A3A8753613D}.UNIT_TESTS_USAGE_TRACKING|x64.Build.0 = Release|Any CPU
		{0E90E48A-28A0-4762-BFAD-4A3A8753613D}.UNIT_TESTS_USAGE_TRACKING|x86.ActiveCfg = Release|Any CPU
		{0E90E48A-28A0-4762-BFAD-4A3A8753613D}.UNIT_TESTS_USAGE_TRACKING|x86.Build.0 = Release|Any CPU
		{115B3EB1-1447-4735-A559-3425D85989C9}.Debug|Any CPU.ActiveCfg = Debug|Any CPU
		{115B3EB1-1447-4735-A559-3425D85989C9}.Debug|Any CPU.Build.0 = Debug|Any CPU
		{115B3EB1-1447-4735-A559-3425D85989C9}.Debug|x64.ActiveCfg = Debug|Any CPU
		{115B3EB1-1447-4735-A559-3425D85989C9}.Debug|x64.Build.0 = Debug|Any CPU
		{115B3EB1-1447-4735-A559-3425D85989C9}.Debug|x86.ActiveCfg = Debug|Any CPU
		{115B3EB1-1447-4735-A559-3425D85989C9}.Debug|x86.Build.0 = Debug|Any CPU
		{115B3EB1-1447-4735-A559-3425D85989C9}.Release|Any CPU.ActiveCfg = Release|Any CPU
		{115B3EB1-1447-4735-A559-3425D85989C9}.Release|Any CPU.Build.0 = Release|Any CPU
		{115B3EB1-1447-4735-A559-3425D85989C9}.Release|x64.ActiveCfg = Release|Any CPU
		{115B3EB1-1447-4735-A559-3425D85989C9}.Release|x64.Build.0 = Release|Any CPU
		{115B3EB1-1447-4735-A559-3425D85989C9}.Release|x86.ActiveCfg = Release|Any CPU
		{115B3EB1-1447-4735-A559-3425D85989C9}.Release|x86.Build.0 = Release|Any CPU
		{115B3EB1-1447-4735-A559-3425D85989C9}.UNIT_TESTS_USAGE_TRACKING|Any CPU.ActiveCfg = Release|Any CPU
		{115B3EB1-1447-4735-A559-3425D85989C9}.UNIT_TESTS_USAGE_TRACKING|Any CPU.Build.0 = Release|Any CPU
		{115B3EB1-1447-4735-A559-3425D85989C9}.UNIT_TESTS_USAGE_TRACKING|x64.ActiveCfg = Release|Any CPU
		{115B3EB1-1447-4735-A559-3425D85989C9}.UNIT_TESTS_USAGE_TRACKING|x64.Build.0 = Release|Any CPU
		{115B3EB1-1447-4735-A559-3425D85989C9}.UNIT_TESTS_USAGE_TRACKING|x86.ActiveCfg = Release|Any CPU
		{115B3EB1-1447-4735-A559-3425D85989C9}.UNIT_TESTS_USAGE_TRACKING|x86.Build.0 = Release|Any CPU
		{8B03DDC7-0CDF-472B-8031-65947A23E58A}.Debug|Any CPU.ActiveCfg = Debug|Any CPU
		{8B03DDC7-0CDF-472B-8031-65947A23E58A}.Debug|Any CPU.Build.0 = Debug|Any CPU
		{8B03DDC7-0CDF-472B-8031-65947A23E58A}.Debug|x64.ActiveCfg = Debug|Any CPU
		{8B03DDC7-0CDF-472B-8031-65947A23E58A}.Debug|x64.Build.0 = Debug|Any CPU
		{8B03DDC7-0CDF-472B-8031-65947A23E58A}.Debug|x86.ActiveCfg = Debug|Any CPU
		{8B03DDC7-0CDF-472B-8031-65947A23E58A}.Debug|x86.Build.0 = Debug|Any CPU
		{8B03DDC7-0CDF-472B-8031-65947A23E58A}.Release|Any CPU.ActiveCfg = Release|Any CPU
		{8B03DDC7-0CDF-472B-8031-65947A23E58A}.Release|Any CPU.Build.0 = Release|Any CPU
		{8B03DDC7-0CDF-472B-8031-65947A23E58A}.Release|x64.ActiveCfg = Release|Any CPU
		{8B03DDC7-0CDF-472B-8031-65947A23E58A}.Release|x64.Build.0 = Release|Any CPU
		{8B03DDC7-0CDF-472B-8031-65947A23E58A}.Release|x86.ActiveCfg = Release|Any CPU
		{8B03DDC7-0CDF-472B-8031-65947A23E58A}.Release|x86.Build.0 = Release|Any CPU
		{8B03DDC7-0CDF-472B-8031-65947A23E58A}.UNIT_TESTS_USAGE_TRACKING|Any CPU.ActiveCfg = Release|Any CPU
		{8B03DDC7-0CDF-472B-8031-65947A23E58A}.UNIT_TESTS_USAGE_TRACKING|Any CPU.Build.0 = Release|Any CPU
		{8B03DDC7-0CDF-472B-8031-65947A23E58A}.UNIT_TESTS_USAGE_TRACKING|x64.ActiveCfg = Release|Any CPU
		{8B03DDC7-0CDF-472B-8031-65947A23E58A}.UNIT_TESTS_USAGE_TRACKING|x64.Build.0 = Release|Any CPU
		{8B03DDC7-0CDF-472B-8031-65947A23E58A}.UNIT_TESTS_USAGE_TRACKING|x86.ActiveCfg = Release|Any CPU
		{8B03DDC7-0CDF-472B-8031-65947A23E58A}.UNIT_TESTS_USAGE_TRACKING|x86.Build.0 = Release|Any CPU
		{1ABF0272-BC85-45A1-85FF-532885D05BC0}.Debug|Any CPU.ActiveCfg = Debug|Any CPU
		{1ABF0272-BC85-45A1-85FF-532885D05BC0}.Debug|Any CPU.Build.0 = Debug|Any CPU
		{1ABF0272-BC85-45A1-85FF-532885D05BC0}.Debug|x64.ActiveCfg = Debug|Any CPU
		{1ABF0272-BC85-45A1-85FF-532885D05BC0}.Debug|x64.Build.0 = Debug|Any CPU
		{1ABF0272-BC85-45A1-85FF-532885D05BC0}.Debug|x86.ActiveCfg = Debug|Any CPU
		{1ABF0272-BC85-45A1-85FF-532885D05BC0}.Debug|x86.Build.0 = Debug|Any CPU
		{1ABF0272-BC85-45A1-85FF-532885D05BC0}.Release|Any CPU.ActiveCfg = Release|Any CPU
		{1ABF0272-BC85-45A1-85FF-532885D05BC0}.Release|Any CPU.Build.0 = Release|Any CPU
		{1ABF0272-BC85-45A1-85FF-532885D05BC0}.Release|x64.ActiveCfg = Release|Any CPU
		{1ABF0272-BC85-45A1-85FF-532885D05BC0}.Release|x64.Build.0 = Release|Any CPU
		{1ABF0272-BC85-45A1-85FF-532885D05BC0}.Release|x86.ActiveCfg = Release|Any CPU
		{1ABF0272-BC85-45A1-85FF-532885D05BC0}.Release|x86.Build.0 = Release|Any CPU
		{1ABF0272-BC85-45A1-85FF-532885D05BC0}.UNIT_TESTS_USAGE_TRACKING|Any CPU.ActiveCfg = Release|Any CPU
		{1ABF0272-BC85-45A1-85FF-532885D05BC0}.UNIT_TESTS_USAGE_TRACKING|Any CPU.Build.0 = Release|Any CPU
		{1ABF0272-BC85-45A1-85FF-532885D05BC0}.UNIT_TESTS_USAGE_TRACKING|x64.ActiveCfg = Release|Any CPU
		{1ABF0272-BC85-45A1-85FF-532885D05BC0}.UNIT_TESTS_USAGE_TRACKING|x64.Build.0 = Release|Any CPU
		{1ABF0272-BC85-45A1-85FF-532885D05BC0}.UNIT_TESTS_USAGE_TRACKING|x86.ActiveCfg = Release|Any CPU
		{1ABF0272-BC85-45A1-85FF-532885D05BC0}.UNIT_TESTS_USAGE_TRACKING|x86.Build.0 = Release|Any CPU
		{CF73B4C7-8313-466C-AFA6-9530AEAFF89B}.Debug|Any CPU.ActiveCfg = Debug|Any CPU
		{CF73B4C7-8313-466C-AFA6-9530AEAFF89B}.Debug|Any CPU.Build.0 = Debug|Any CPU
		{CF73B4C7-8313-466C-AFA6-9530AEAFF89B}.Debug|x64.ActiveCfg = Debug|Any CPU
		{CF73B4C7-8313-466C-AFA6-9530AEAFF89B}.Debug|x64.Build.0 = Debug|Any CPU
		{CF73B4C7-8313-466C-AFA6-9530AEAFF89B}.Debug|x86.ActiveCfg = Debug|Any CPU
		{CF73B4C7-8313-466C-AFA6-9530AEAFF89B}.Debug|x86.Build.0 = Debug|Any CPU
		{CF73B4C7-8313-466C-AFA6-9530AEAFF89B}.Release|Any CPU.ActiveCfg = Release|Any CPU
		{CF73B4C7-8313-466C-AFA6-9530AEAFF89B}.Release|Any CPU.Build.0 = Release|Any CPU
		{CF73B4C7-8313-466C-AFA6-9530AEAFF89B}.Release|x64.ActiveCfg = Release|Any CPU
		{CF73B4C7-8313-466C-AFA6-9530AEAFF89B}.Release|x64.Build.0 = Release|Any CPU
		{CF73B4C7-8313-466C-AFA6-9530AEAFF89B}.Release|x86.ActiveCfg = Release|Any CPU
		{CF73B4C7-8313-466C-AFA6-9530AEAFF89B}.Release|x86.Build.0 = Release|Any CPU
		{CF73B4C7-8313-466C-AFA6-9530AEAFF89B}.UNIT_TESTS_USAGE_TRACKING|Any CPU.ActiveCfg = Debug|Any CPU
		{CF73B4C7-8313-466C-AFA6-9530AEAFF89B}.UNIT_TESTS_USAGE_TRACKING|Any CPU.Build.0 = Debug|Any CPU
		{CF73B4C7-8313-466C-AFA6-9530AEAFF89B}.UNIT_TESTS_USAGE_TRACKING|x64.ActiveCfg = Release|Any CPU
		{CF73B4C7-8313-466C-AFA6-9530AEAFF89B}.UNIT_TESTS_USAGE_TRACKING|x64.Build.0 = Release|Any CPU
		{CF73B4C7-8313-466C-AFA6-9530AEAFF89B}.UNIT_TESTS_USAGE_TRACKING|x86.ActiveCfg = Release|Any CPU
		{CF73B4C7-8313-466C-AFA6-9530AEAFF89B}.UNIT_TESTS_USAGE_TRACKING|x86.Build.0 = Release|Any CPU
		{5A6D1403-1F31-4ADA-A350-E1969378A0DF}.Debug|Any CPU.ActiveCfg = Debug|Any CPU
		{5A6D1403-1F31-4ADA-A350-E1969378A0DF}.Debug|Any CPU.Build.0 = Debug|Any CPU
		{5A6D1403-1F31-4ADA-A350-E1969378A0DF}.Debug|x64.ActiveCfg = Debug|Any CPU
		{5A6D1403-1F31-4ADA-A350-E1969378A0DF}.Debug|x64.Build.0 = Debug|Any CPU
		{5A6D1403-1F31-4ADA-A350-E1969378A0DF}.Debug|x86.ActiveCfg = Debug|Any CPU
		{5A6D1403-1F31-4ADA-A350-E1969378A0DF}.Debug|x86.Build.0 = Debug|Any CPU
		{5A6D1403-1F31-4ADA-A350-E1969378A0DF}.Release|Any CPU.ActiveCfg = Release|Any CPU
		{5A6D1403-1F31-4ADA-A350-E1969378A0DF}.Release|Any CPU.Build.0 = Release|Any CPU
		{5A6D1403-1F31-4ADA-A350-E1969378A0DF}.Release|x64.ActiveCfg = Release|Any CPU
		{5A6D1403-1F31-4ADA-A350-E1969378A0DF}.Release|x64.Build.0 = Release|Any CPU
		{5A6D1403-1F31-4ADA-A350-E1969378A0DF}.Release|x86.ActiveCfg = Release|Any CPU
		{5A6D1403-1F31-4ADA-A350-E1969378A0DF}.Release|x86.Build.0 = Release|Any CPU
		{5A6D1403-1F31-4ADA-A350-E1969378A0DF}.UNIT_TESTS_USAGE_TRACKING|Any CPU.ActiveCfg = Release|Any CPU
		{5A6D1403-1F31-4ADA-A350-E1969378A0DF}.UNIT_TESTS_USAGE_TRACKING|Any CPU.Build.0 = Release|Any CPU
		{5A6D1403-1F31-4ADA-A350-E1969378A0DF}.UNIT_TESTS_USAGE_TRACKING|x64.ActiveCfg = Release|Any CPU
		{5A6D1403-1F31-4ADA-A350-E1969378A0DF}.UNIT_TESTS_USAGE_TRACKING|x64.Build.0 = Release|Any CPU
		{5A6D1403-1F31-4ADA-A350-E1969378A0DF}.UNIT_TESTS_USAGE_TRACKING|x86.ActiveCfg = Release|Any CPU
		{5A6D1403-1F31-4ADA-A350-E1969378A0DF}.UNIT_TESTS_USAGE_TRACKING|x86.Build.0 = Release|Any CPU
		{6A9843A0-361E-4E82-AD7C-BE4A26D68E85}.Debug|Any CPU.ActiveCfg = Debug|Any CPU
		{6A9843A0-361E-4E82-AD7C-BE4A26D68E85}.Debug|Any CPU.Build.0 = Debug|Any CPU
		{6A9843A0-361E-4E82-AD7C-BE4A26D68E85}.Debug|x64.ActiveCfg = Debug|Any CPU
		{6A9843A0-361E-4E82-AD7C-BE4A26D68E85}.Debug|x64.Build.0 = Debug|Any CPU
		{6A9843A0-361E-4E82-AD7C-BE4A26D68E85}.Debug|x86.ActiveCfg = Debug|Any CPU
		{6A9843A0-361E-4E82-AD7C-BE4A26D68E85}.Debug|x86.Build.0 = Debug|Any CPU
		{6A9843A0-361E-4E82-AD7C-BE4A26D68E85}.Release|Any CPU.ActiveCfg = Release|Any CPU
		{6A9843A0-361E-4E82-AD7C-BE4A26D68E85}.Release|Any CPU.Build.0 = Release|Any CPU
		{6A9843A0-361E-4E82-AD7C-BE4A26D68E85}.Release|x64.ActiveCfg = Release|Any CPU
		{6A9843A0-361E-4E82-AD7C-BE4A26D68E85}.Release|x64.Build.0 = Release|Any CPU
		{6A9843A0-361E-4E82-AD7C-BE4A26D68E85}.Release|x86.ActiveCfg = Release|Any CPU
		{6A9843A0-361E-4E82-AD7C-BE4A26D68E85}.Release|x86.Build.0 = Release|Any CPU
		{6A9843A0-361E-4E82-AD7C-BE4A26D68E85}.UNIT_TESTS_USAGE_TRACKING|Any CPU.ActiveCfg = Release|Any CPU
		{6A9843A0-361E-4E82-AD7C-BE4A26D68E85}.UNIT_TESTS_USAGE_TRACKING|Any CPU.Build.0 = Release|Any CPU
		{6A9843A0-361E-4E82-AD7C-BE4A26D68E85}.UNIT_TESTS_USAGE_TRACKING|x64.ActiveCfg = Release|Any CPU
		{6A9843A0-361E-4E82-AD7C-BE4A26D68E85}.UNIT_TESTS_USAGE_TRACKING|x64.Build.0 = Release|Any CPU
		{6A9843A0-361E-4E82-AD7C-BE4A26D68E85}.UNIT_TESTS_USAGE_TRACKING|x86.ActiveCfg = Release|Any CPU
		{6A9843A0-361E-4E82-AD7C-BE4A26D68E85}.UNIT_TESTS_USAGE_TRACKING|x86.Build.0 = Release|Any CPU
		{134CD45F-8D80-4D2B-862A-0341BAA5A4DB}.Debug|Any CPU.ActiveCfg = Debug|Any CPU
		{134CD45F-8D80-4D2B-862A-0341BAA5A4DB}.Debug|Any CPU.Build.0 = Debug|Any CPU
		{134CD45F-8D80-4D2B-862A-0341BAA5A4DB}.Debug|x64.ActiveCfg = Debug|Any CPU
		{134CD45F-8D80-4D2B-862A-0341BAA5A4DB}.Debug|x64.Build.0 = Debug|Any CPU
		{134CD45F-8D80-4D2B-862A-0341BAA5A4DB}.Debug|x86.ActiveCfg = Debug|Any CPU
		{134CD45F-8D80-4D2B-862A-0341BAA5A4DB}.Debug|x86.Build.0 = Debug|Any CPU
		{134CD45F-8D80-4D2B-862A-0341BAA5A4DB}.Release|Any CPU.ActiveCfg = Release|Any CPU
		{134CD45F-8D80-4D2B-862A-0341BAA5A4DB}.Release|Any CPU.Build.0 = Release|Any CPU
		{134CD45F-8D80-4D2B-862A-0341BAA5A4DB}.Release|x64.ActiveCfg = Release|Any CPU
		{134CD45F-8D80-4D2B-862A-0341BAA5A4DB}.Release|x64.Build.0 = Release|Any CPU
		{134CD45F-8D80-4D2B-862A-0341BAA5A4DB}.Release|x86.ActiveCfg = Release|Any CPU
		{134CD45F-8D80-4D2B-862A-0341BAA5A4DB}.Release|x86.Build.0 = Release|Any CPU
		{134CD45F-8D80-4D2B-862A-0341BAA5A4DB}.UNIT_TESTS_USAGE_TRACKING|Any CPU.ActiveCfg = Release|Any CPU
		{134CD45F-8D80-4D2B-862A-0341BAA5A4DB}.UNIT_TESTS_USAGE_TRACKING|Any CPU.Build.0 = Release|Any CPU
		{134CD45F-8D80-4D2B-862A-0341BAA5A4DB}.UNIT_TESTS_USAGE_TRACKING|x64.ActiveCfg = Release|Any CPU
		{134CD45F-8D80-4D2B-862A-0341BAA5A4DB}.UNIT_TESTS_USAGE_TRACKING|x64.Build.0 = Release|Any CPU
		{134CD45F-8D80-4D2B-862A-0341BAA5A4DB}.UNIT_TESTS_USAGE_TRACKING|x86.ActiveCfg = Release|Any CPU
		{134CD45F-8D80-4D2B-862A-0341BAA5A4DB}.UNIT_TESTS_USAGE_TRACKING|x86.Build.0 = Release|Any CPU
		{0A70D1BD-9328-4F9F-9F0C-84E1768B4E72}.Debug|Any CPU.ActiveCfg = Debug|Any CPU
		{0A70D1BD-9328-4F9F-9F0C-84E1768B4E72}.Debug|Any CPU.Build.0 = Debug|Any CPU
		{0A70D1BD-9328-4F9F-9F0C-84E1768B4E72}.Debug|x64.ActiveCfg = Debug|Any CPU
		{0A70D1BD-9328-4F9F-9F0C-84E1768B4E72}.Debug|x64.Build.0 = Debug|Any CPU
		{0A70D1BD-9328-4F9F-9F0C-84E1768B4E72}.Debug|x86.ActiveCfg = Debug|Any CPU
		{0A70D1BD-9328-4F9F-9F0C-84E1768B4E72}.Debug|x86.Build.0 = Debug|Any CPU
		{0A70D1BD-9328-4F9F-9F0C-84E1768B4E72}.Release|Any CPU.ActiveCfg = Release|Any CPU
		{0A70D1BD-9328-4F9F-9F0C-84E1768B4E72}.Release|Any CPU.Build.0 = Release|Any CPU
		{0A70D1BD-9328-4F9F-9F0C-84E1768B4E72}.Release|x64.ActiveCfg = Release|Any CPU
		{0A70D1BD-9328-4F9F-9F0C-84E1768B4E72}.Release|x64.Build.0 = Release|Any CPU
		{0A70D1BD-9328-4F9F-9F0C-84E1768B4E72}.Release|x86.ActiveCfg = Release|Any CPU
		{0A70D1BD-9328-4F9F-9F0C-84E1768B4E72}.Release|x86.Build.0 = Release|Any CPU
		{0A70D1BD-9328-4F9F-9F0C-84E1768B4E72}.UNIT_TESTS_USAGE_TRACKING|Any CPU.ActiveCfg = Release|Any CPU
		{0A70D1BD-9328-4F9F-9F0C-84E1768B4E72}.UNIT_TESTS_USAGE_TRACKING|Any CPU.Build.0 = Release|Any CPU
		{0A70D1BD-9328-4F9F-9F0C-84E1768B4E72}.UNIT_TESTS_USAGE_TRACKING|x64.ActiveCfg = Release|Any CPU
		{0A70D1BD-9328-4F9F-9F0C-84E1768B4E72}.UNIT_TESTS_USAGE_TRACKING|x64.Build.0 = Release|Any CPU
		{0A70D1BD-9328-4F9F-9F0C-84E1768B4E72}.UNIT_TESTS_USAGE_TRACKING|x86.ActiveCfg = Release|Any CPU
		{0A70D1BD-9328-4F9F-9F0C-84E1768B4E72}.UNIT_TESTS_USAGE_TRACKING|x86.Build.0 = Release|Any CPU
		{456B651C-63ED-4A21-874A-8246ABA6C75E}.Debug|Any CPU.ActiveCfg = Debug|Any CPU
		{456B651C-63ED-4A21-874A-8246ABA6C75E}.Debug|Any CPU.Build.0 = Debug|Any CPU
		{456B651C-63ED-4A21-874A-8246ABA6C75E}.Debug|x64.ActiveCfg = Debug|Any CPU
		{456B651C-63ED-4A21-874A-8246ABA6C75E}.Debug|x64.Build.0 = Debug|Any CPU
		{456B651C-63ED-4A21-874A-8246ABA6C75E}.Debug|x86.ActiveCfg = Debug|Any CPU
		{456B651C-63ED-4A21-874A-8246ABA6C75E}.Debug|x86.Build.0 = Debug|Any CPU
		{456B651C-63ED-4A21-874A-8246ABA6C75E}.Release|Any CPU.ActiveCfg = Release|Any CPU
		{456B651C-63ED-4A21-874A-8246ABA6C75E}.Release|Any CPU.Build.0 = Release|Any CPU
		{456B651C-63ED-4A21-874A-8246ABA6C75E}.Release|x64.ActiveCfg = Release|Any CPU
		{456B651C-63ED-4A21-874A-8246ABA6C75E}.Release|x64.Build.0 = Release|Any CPU
		{456B651C-63ED-4A21-874A-8246ABA6C75E}.Release|x86.ActiveCfg = Release|Any CPU
		{456B651C-63ED-4A21-874A-8246ABA6C75E}.Release|x86.Build.0 = Release|Any CPU
		{456B651C-63ED-4A21-874A-8246ABA6C75E}.UNIT_TESTS_USAGE_TRACKING|Any CPU.ActiveCfg = Release|Any CPU
		{456B651C-63ED-4A21-874A-8246ABA6C75E}.UNIT_TESTS_USAGE_TRACKING|Any CPU.Build.0 = Release|Any CPU
		{456B651C-63ED-4A21-874A-8246ABA6C75E}.UNIT_TESTS_USAGE_TRACKING|x64.ActiveCfg = Release|Any CPU
		{456B651C-63ED-4A21-874A-8246ABA6C75E}.UNIT_TESTS_USAGE_TRACKING|x64.Build.0 = Release|Any CPU
		{456B651C-63ED-4A21-874A-8246ABA6C75E}.UNIT_TESTS_USAGE_TRACKING|x86.ActiveCfg = Release|Any CPU
		{456B651C-63ED-4A21-874A-8246ABA6C75E}.UNIT_TESTS_USAGE_TRACKING|x86.Build.0 = Release|Any CPU
		{A5C4BDAD-B4D7-4F97-ACF5-EB240748B5D3}.Debug|Any CPU.ActiveCfg = Debug|Any CPU
		{A5C4BDAD-B4D7-4F97-ACF5-EB240748B5D3}.Debug|Any CPU.Build.0 = Debug|Any CPU
		{A5C4BDAD-B4D7-4F97-ACF5-EB240748B5D3}.Debug|x64.ActiveCfg = Debug|Any CPU
		{A5C4BDAD-B4D7-4F97-ACF5-EB240748B5D3}.Debug|x64.Build.0 = Debug|Any CPU
		{A5C4BDAD-B4D7-4F97-ACF5-EB240748B5D3}.Debug|x86.ActiveCfg = Debug|Any CPU
		{A5C4BDAD-B4D7-4F97-ACF5-EB240748B5D3}.Debug|x86.Build.0 = Debug|Any CPU
		{A5C4BDAD-B4D7-4F97-ACF5-EB240748B5D3}.Release|Any CPU.ActiveCfg = Release|Any CPU
		{A5C4BDAD-B4D7-4F97-ACF5-EB240748B5D3}.Release|Any CPU.Build.0 = Release|Any CPU
		{A5C4BDAD-B4D7-4F97-ACF5-EB240748B5D3}.Release|x64.ActiveCfg = Release|Any CPU
		{A5C4BDAD-B4D7-4F97-ACF5-EB240748B5D3}.Release|x64.Build.0 = Release|Any CPU
		{A5C4BDAD-B4D7-4F97-ACF5-EB240748B5D3}.Release|x86.ActiveCfg = Release|Any CPU
		{A5C4BDAD-B4D7-4F97-ACF5-EB240748B5D3}.Release|x86.Build.0 = Release|Any CPU
		{A5C4BDAD-B4D7-4F97-ACF5-EB240748B5D3}.UNIT_TESTS_USAGE_TRACKING|Any CPU.ActiveCfg = Release|Any CPU
		{A5C4BDAD-B4D7-4F97-ACF5-EB240748B5D3}.UNIT_TESTS_USAGE_TRACKING|Any CPU.Build.0 = Release|Any CPU
		{A5C4BDAD-B4D7-4F97-ACF5-EB240748B5D3}.UNIT_TESTS_USAGE_TRACKING|x64.ActiveCfg = Release|Any CPU
		{A5C4BDAD-B4D7-4F97-ACF5-EB240748B5D3}.UNIT_TESTS_USAGE_TRACKING|x64.Build.0 = Release|Any CPU
		{A5C4BDAD-B4D7-4F97-ACF5-EB240748B5D3}.UNIT_TESTS_USAGE_TRACKING|x86.ActiveCfg = Release|Any CPU
		{A5C4BDAD-B4D7-4F97-ACF5-EB240748B5D3}.UNIT_TESTS_USAGE_TRACKING|x86.Build.0 = Release|Any CPU
	EndGlobalSection
	GlobalSection(SolutionProperties) = preSolution
		HideSolutionNode = FALSE
	EndGlobalSection
	GlobalSection(ExtensibilityGlobals) = postSolution
		SolutionGuid = {41DD70A7-87D2-4511-AC28-0ABA1CC6B11D}
	EndGlobalSection
EndGlobal
