
Microsoft Visual Studio Solution File, Format Version 12.00
# Visual Studio Version 16
VisualStudioVersion = 16.0.28803.202
MinimumVisualStudioVersion = 10.0.40219.1
Project("{2150E333-8FDC-42A3-9474-1A3956D46DE8}") = "Solution Items", "Solution Items", "{A108376B-DF81-465D-B609-0DE8A8C35408}"
EndProject
Project("{9A19103F-16F7-4668-BE54-9A1E7A4F7556}") = "VisTarsier.Common", "VisTarsier.Common\VisTarsier.Common.csproj", "{06C9CB99-3266-4DD0-B790-B94FFC3CB154}"
EndProject
Project("{9A19103F-16F7-4668-BE54-9A1E7A4F7556}") = "VisTarsier.Config", "VisTarsier.Config\VisTarsier.Config.csproj", "{A5C4BDAD-B4D7-4F97-ACF5-EB240748B5D3}"
	ProjectSection(ProjectDependencies) = postProject
		{06C9CB99-3266-4DD0-B790-B94FFC3CB154} = {06C9CB99-3266-4DD0-B790-B94FFC3CB154}
	EndProjectSection
EndProject
Project("{FAE04EC0-301F-11D3-BF4B-00C04F79EFBC}") = "VisTarsier.Dicom", "VisTarsier.Dicom\VisTarsier.Dicom.csproj", "{3F6510A2-E0C3-44BB-9976-EE4DD578E6AD}"
EndProject
Project("{9A19103F-16F7-4668-BE54-9A1E7A4F7556}") = "VisTarsier.Extensions", "VisTarsier.Extensions\VisTarsier.Extensions.csproj", "{A9BA8E02-1C38-422F-947F-04624859EDC7}"
EndProject
Project("{9A19103F-16F7-4668-BE54-9A1E7A4F7556}") = "VisTarsier.Module.MS", "VisTarsier.MS\VisTarsier.Module.MS.csproj", "{7AC17E16-85BE-4BB4-B1AF-6A0EFF47739B}"
EndProject
Project("{9A19103F-16F7-4668-BE54-9A1E7A4F7556}") = "VisTarsier.NiftiLib", "VisTarsier.NiftiLib\VisTarsier.NiftiLib.csproj", "{0A70D1BD-9328-4F9F-9F0C-84E1768B4E72}"
	ProjectSection(ProjectDependencies) = postProject
		{A9BA8E02-1C38-422F-947F-04624859EDC7} = {A9BA8E02-1C38-422F-947F-04624859EDC7}
		{06C9CB99-3266-4DD0-B790-B94FFC3CB154} = {06C9CB99-3266-4DD0-B790-B94FFC3CB154}
		{A5C4BDAD-B4D7-4F97-ACF5-EB240748B5D3} = {A5C4BDAD-B4D7-4F97-ACF5-EB240748B5D3}
	EndProjectSection
EndProject
Project("{FAE04EC0-301F-11D3-BF4B-00C04F79EFBC}") = "VisTarsier.Service", "VisTarsier.Service\VisTarsier.Service.csproj", "{134CD45F-8D80-4D2B-862A-0341BAA5A4DB}"
EndProject
Project("{FAE04EC0-301F-11D3-BF4B-00C04F79EFBC}") = "VisTarsier.Tests", "VisTarsier.Tests\VisTarsier.Tests.csproj", "{115B3EB1-1447-4735-A559-3425D85989C9}"
EndProject
Project("{9A19103F-16F7-4668-BE54-9A1E7A4F7556}") = "VisTarsier.CommandLineTool", "VisTarsier.Console\VisTarsier.CommandLineTool.csproj", "{0FACD61C-4F5C-4236-96D7-226546C7CD79}"
EndProject
Project("{FAE04EC0-301F-11D3-BF4B-00C04F79EFBC}") = "VisTarsier.Module.Custom", "Vistarsier.Module.Custom\VisTarsier.Module.Custom.csproj", "{21FECF31-4A26-4B92-8202-819F0A317911}"
	ProjectSection(ProjectDependencies) = postProject
		{A9BA8E02-1C38-422F-947F-04624859EDC7} = {A9BA8E02-1C38-422F-947F-04624859EDC7}
		{7AC17E16-85BE-4BB4-B1AF-6A0EFF47739B} = {7AC17E16-85BE-4BB4-B1AF-6A0EFF47739B}
		{06C9CB99-3266-4DD0-B790-B94FFC3CB154} = {06C9CB99-3266-4DD0-B790-B94FFC3CB154}
		{A5C4BDAD-B4D7-4F97-ACF5-EB240748B5D3} = {A5C4BDAD-B4D7-4F97-ACF5-EB240748B5D3}
		{0A70D1BD-9328-4F9F-9F0C-84E1768B4E72} = {0A70D1BD-9328-4F9F-9F0C-84E1768B4E72}
	EndProjectSection
EndProject
Project("{FAE04EC0-301F-11D3-BF4B-00C04F79EFBC}") = "VisTarsier.ConfigApp", "VisTarsier.ConfigApp\VisTarsier.ConfigApp.csproj", "{FEEFCEDE-9CA0-4D56-B204-97652908578D}"
EndProject
Global
	GlobalSection(SolutionConfigurationPlatforms) = preSolution
		Debug|Any CPU = Debug|Any CPU
		Release|Any CPU = Release|Any CPU
	EndGlobalSection
	GlobalSection(ProjectConfigurationPlatforms) = postSolution
		{06C9CB99-3266-4DD0-B790-B94FFC3CB154}.Debug|Any CPU.ActiveCfg = Debug|Any CPU
		{06C9CB99-3266-4DD0-B790-B94FFC3CB154}.Debug|Any CPU.Build.0 = Debug|Any CPU
		{06C9CB99-3266-4DD0-B790-B94FFC3CB154}.Release|Any CPU.ActiveCfg = Release|Any CPU
		{06C9CB99-3266-4DD0-B790-B94FFC3CB154}.Release|Any CPU.Build.0 = Release|Any CPU
		{A5C4BDAD-B4D7-4F97-ACF5-EB240748B5D3}.Debug|Any CPU.ActiveCfg = Debug|Any CPU
		{A5C4BDAD-B4D7-4F97-ACF5-EB240748B5D3}.Debug|Any CPU.Build.0 = Debug|Any CPU
		{A5C4BDAD-B4D7-4F97-ACF5-EB240748B5D3}.Release|Any CPU.ActiveCfg = Release|Any CPU
		{A5C4BDAD-B4D7-4F97-ACF5-EB240748B5D3}.Release|Any CPU.Build.0 = Release|Any CPU
		{3F6510A2-E0C3-44BB-9976-EE4DD578E6AD}.Debug|Any CPU.ActiveCfg = Debug|Any CPU
		{3F6510A2-E0C3-44BB-9976-EE4DD578E6AD}.Debug|Any CPU.Build.0 = Debug|Any CPU
		{3F6510A2-E0C3-44BB-9976-EE4DD578E6AD}.Release|Any CPU.ActiveCfg = Release|Any CPU
		{3F6510A2-E0C3-44BB-9976-EE4DD578E6AD}.Release|Any CPU.Build.0 = Release|Any CPU
		{A9BA8E02-1C38-422F-947F-04624859EDC7}.Debug|Any CPU.ActiveCfg = Debug|Any CPU
		{A9BA8E02-1C38-422F-947F-04624859EDC7}.Debug|Any CPU.Build.0 = Debug|Any CPU
		{A9BA8E02-1C38-422F-947F-04624859EDC7}.Release|Any CPU.ActiveCfg = Release|Any CPU
		{A9BA8E02-1C38-422F-947F-04624859EDC7}.Release|Any CPU.Build.0 = Release|Any CPU
		{7AC17E16-85BE-4BB4-B1AF-6A0EFF47739B}.Debug|Any CPU.ActiveCfg = Debug|Any CPU
		{7AC17E16-85BE-4BB4-B1AF-6A0EFF47739B}.Debug|Any CPU.Build.0 = Debug|Any CPU
		{7AC17E16-85BE-4BB4-B1AF-6A0EFF47739B}.Release|Any CPU.ActiveCfg = Release|Any CPU
		{7AC17E16-85BE-4BB4-B1AF-6A0EFF47739B}.Release|Any CPU.Build.0 = Release|Any CPU
		{0A70D1BD-9328-4F9F-9F0C-84E1768B4E72}.Debug|Any CPU.ActiveCfg = Debug|Any CPU
		{0A70D1BD-9328-4F9F-9F0C-84E1768B4E72}.Debug|Any CPU.Build.0 = Debug|Any CPU
		{0A70D1BD-9328-4F9F-9F0C-84E1768B4E72}.Release|Any CPU.ActiveCfg = Release|Any CPU
		{0A70D1BD-9328-4F9F-9F0C-84E1768B4E72}.Release|Any CPU.Build.0 = Release|Any CPU
		{134CD45F-8D80-4D2B-862A-0341BAA5A4DB}.Debug|Any CPU.ActiveCfg = Debug|Any CPU
		{134CD45F-8D80-4D2B-862A-0341BAA5A4DB}.Debug|Any CPU.Build.0 = Debug|Any CPU
		{134CD45F-8D80-4D2B-862A-0341BAA5A4DB}.Release|Any CPU.ActiveCfg = Release|Any CPU
		{134CD45F-8D80-4D2B-862A-0341BAA5A4DB}.Release|Any CPU.Build.0 = Release|Any CPU
		{115B3EB1-1447-4735-A559-3425D85989C9}.Debug|Any CPU.ActiveCfg = Debug|Any CPU
		{115B3EB1-1447-4735-A559-3425D85989C9}.Debug|Any CPU.Build.0 = Debug|Any CPU
		{115B3EB1-1447-4735-A559-3425D85989C9}.Release|Any CPU.ActiveCfg = Release|Any CPU
		{115B3EB1-1447-4735-A559-3425D85989C9}.Release|Any CPU.Build.0 = Release|Any CPU
		{0FACD61C-4F5C-4236-96D7-226546C7CD79}.Debug|Any CPU.ActiveCfg = Debug|Any CPU
		{0FACD61C-4F5C-4236-96D7-226546C7CD79}.Debug|Any CPU.Build.0 = Debug|Any CPU
		{0FACD61C-4F5C-4236-96D7-226546C7CD79}.Release|Any CPU.ActiveCfg = Release|Any CPU
		{0FACD61C-4F5C-4236-96D7-226546C7CD79}.Release|Any CPU.Build.0 = Release|Any CPU
		{21FECF31-4A26-4B92-8202-819F0A317911}.Debug|Any CPU.ActiveCfg = Debug|Any CPU
		{21FECF31-4A26-4B92-8202-819F0A317911}.Debug|Any CPU.Build.0 = Debug|Any CPU
		{21FECF31-4A26-4B92-8202-819F0A317911}.Release|Any CPU.ActiveCfg = Release|Any CPU
		{21FECF31-4A26-4B92-8202-819F0A317911}.Release|Any CPU.Build.0 = Release|Any CPU
		{FEEFCEDE-9CA0-4D56-B204-97652908578D}.Debug|Any CPU.ActiveCfg = Debug|Any CPU
		{FEEFCEDE-9CA0-4D56-B204-97652908578D}.Debug|Any CPU.Build.0 = Debug|Any CPU
		{FEEFCEDE-9CA0-4D56-B204-97652908578D}.Release|Any CPU.ActiveCfg = Release|Any CPU
		{FEEFCEDE-9CA0-4D56-B204-97652908578D}.Release|Any CPU.Build.0 = Release|Any CPU
	EndGlobalSection
	GlobalSection(SolutionProperties) = preSolution
		HideSolutionNode = FALSE
	EndGlobalSection
	GlobalSection(ExtensibilityGlobals) = postSolution
		SolutionGuid = {41DD70A7-87D2-4511-AC28-0ABA1CC6B11D}
	EndGlobalSection
EndGlobal
